name: uv

on:
  pull_request:
    paths:
      - "pyproject.toml"

permissions:
  contents: write
  pull-requests: write

jobs:
  lock:
    runs-on: ubuntu-latest
    env:
      GH_PAT: ${{ secrets.GH_PAT }}
    # Only run when GH_PAT is set
    if: ${{ github.env.GH_PAT != '' }}
    steps:
      - uses: actions/checkout@v4
        with:
          token: ${{ secrets.GH_PAT }}
      - uses: astral-sh/setup-uv@v3
        with:
          enable-cache: true
      - run: uv lock
      - uses: stefanzweifel/git-auto-commit-action@v5
        with:
          commit_message: Regenerate uv.lock
